
Microsoft Visual Studio Solution File, Format Version 12.00
# Visual Studio Version 16
VisualStudioVersion = 16.0.29905.134
MinimumVisualStudioVersion = 10.0.40219.1
Project("{FAE04EC0-301F-11D3-BF4B-00C04F79EFBC}") = "Szakdoga_autonyilvantartas", "Szakdoga_autonyilvantartas\Szakdoga_autonyilvantartas.csproj", "{EA02CABC-1742-46AC-BFF8-A858ED40761B}"
EndProject
Project("{FAE04EC0-301F-11D3-BF4B-00C04F79EFBC}") = "Szakdoga_autonyilvantartasTests", "Szakdoga_autonyilvantartasTests\Szakdoga_autonyilvantartasTests.csproj", "{14A4D36B-AF99-43CB-A90B-C5220FDC29D2}"
EndProject
Global
	GlobalSection(SolutionConfigurationPlatforms) = preSolution
		Debug|Any CPU = Debug|Any CPU
		Release|Any CPU = Release|Any CPU
	EndGlobalSection
	GlobalSection(ProjectConfigurationPlatforms) = postSolution
		{EA02CABC-1742-46AC-BFF8-A858ED40761B}.Debug|Any CPU.ActiveCfg = Debug|Any CPU
		{EA02CABC-1742-46AC-BFF8-A858ED40761B}.Debug|Any CPU.Build.0 = Debug|Any CPU
		{EA02CABC-1742-46AC-BFF8-A858ED40761B}.Release|Any CPU.ActiveCfg = Release|Any CPU
		{EA02CABC-1742-46AC-BFF8-A858ED40761B}.Release|Any CPU.Build.0 = Release|Any CPU
		{14A4D36B-AF99-43CB-A90B-C5220FDC29D2}.Debug|Any CPU.ActiveCfg = Debug|Any CPU
		{14A4D36B-AF99-43CB-A90B-C5220FDC29D2}.Debug|Any CPU.Build.0 = Debug|Any CPU
		{14A4D36B-AF99-43CB-A90B-C5220FDC29D2}.Release|Any CPU.ActiveCfg = Release|Any CPU
		{14A4D36B-AF99-43CB-A90B-C5220FDC29D2}.Release|Any CPU.Build.0 = Release|Any CPU
	EndGlobalSection
	GlobalSection(SolutionProperties) = preSolution
		HideSolutionNode = FALSE
	EndGlobalSection
	GlobalSection(ExtensibilityGlobals) = postSolution
		SolutionGuid = {0B4C8D25-FB0B-4A38-8871-160F948F0736}
	EndGlobalSection
EndGlobal
